// !$*UTF8*$!
{
	archiveVersion = 1;
	classes = {
	};
	objectVersion = 46;
	objects = {

/* Begin PBXBuildFile section */
		8F5398091D340AAD003F41A7 /* AppDelegate.swift in Sources */ = {isa = PBXBuildFile; fileRef = 8F5398081D340AAD003F41A7 /* AppDelegate.swift */; };
		8F53980B1D340AAD003F41A7 /* ViewController.swift in Sources */ = {isa = PBXBuildFile; fileRef = 8F53980A1D340AAD003F41A7 /* ViewController.swift */; };
		8F53980E1D340AAD003F41A7 /* Main.storyboard in Resources */ = {isa = PBXBuildFile; fileRef = 8F53980C1D340AAD003F41A7 /* Main.storyboard */; };
		8F5398101D340AAD003F41A7 /* Assets.xcassets in Resources */ = {isa = PBXBuildFile; fileRef = 8F53980F1D340AAD003F41A7 /* Assets.xcassets */; };
		8F5398131D340AAD003F41A7 /* LaunchScreen.storyboard in Resources */ = {isa = PBXBuildFile; fileRef = 8F5398111D340AAD003F41A7 /* LaunchScreen.storyboard */; };
		8F53981B1D3411D8003F41A7 /* Character.swift in Sources */ = {isa = PBXBuildFile; fileRef = 8F53981A1D3411D8003F41A7 /* Character.swift */; };
		8F53981D1D3413A7003F41A7 /* Player.swift in Sources */ = {isa = PBXBuildFile; fileRef = 8F53981C1D3413A7003F41A7 /* Player.swift */; };
		8F53981F1D3416F7003F41A7 /* Enemy.swift in Sources */ = {isa = PBXBuildFile; fileRef = 8F53981E1D3416F7003F41A7 /* Enemy.swift */; };
		8FEB2B131D34F87C00916336 /* Kimara.swift in Sources */ = {isa = PBXBuildFile; fileRef = 8FEB2B121D34F87C00916336 /* Kimara.swift */; };
		8FEB2B151D351B3500916336 /* DevilWizard.swift in Sources */ = {isa = PBXBuildFile; fileRef = 8FEB2B141D351B3500916336 /* DevilWizard.swift */; };
/* End PBXBuildFile section */

/* Begin PBXFileReference section */
		8F5398051D340AAD003F41A7 /* rpgoop.app */ = {isa = PBXFileReference; explicitFileType = wrapper.application; includeInIndex = 0; path = rpgoop.app; sourceTree = BUILT_PRODUCTS_DIR; };
		8F5398081D340AAD003F41A7 /* AppDelegate.swift */ = {isa = PBXFileReference; lastKnownFileType = sourcecode.swift; path = AppDelegate.swift; sourceTree = "<group>"; };
		8F53980A1D340AAD003F41A7 /* ViewController.swift */ = {isa = PBXFileReference; lastKnownFileType = sourcecode.swift; path = ViewController.swift; sourceTree = "<group>"; };
		8F53980D1D340AAD003F41A7 /* Base */ = {isa = PBXFileReference; lastKnownFileType = file.storyboard; name = Base; path = Base.lproj/Main.storyboard; sourceTree = "<group>"; };
		8F53980F1D340AAD003F41A7 /* Assets.xcassets */ = {isa = PBXFileReference; lastKnownFileType = folder.assetcatalog; path = Assets.xcassets; sourceTree = "<group>"; };
		8F5398121D340AAD003F41A7 /* Base */ = {isa = PBXFileReference; lastKnownFileType = file.storyboard; name = Base; path = Base.lproj/LaunchScreen.storyboard; sourceTree = "<group>"; };
		8F5398141D340AAD003F41A7 /* Info.plist */ = {isa = PBXFileReference; lastKnownFileType = text.plist.xml; path = Info.plist; sourceTree = "<group>"; };
		8F53981A1D3411D8003F41A7 /* Character.swift */ = {isa = PBXFileReference; fileEncoding = 4; lastKnownFileType = sourcecode.swift; path = Character.swift; sourceTree = "<group>"; };
		8F53981C1D3413A7003F41A7 /* Player.swift */ = {isa = PBXFileReference; fileEncoding = 4; lastKnownFileType = sourcecode.swift; path = Player.swift; sourceTree = "<group>"; };
		8F53981E1D3416F7003F41A7 /* Enemy.swift */ = {isa = PBXFileReference; fileEncoding = 4; lastKnownFileType = sourcecode.swift; path = Enemy.swift; sourceTree = "<group>"; };
		8FEB2B121D34F87C00916336 /* Kimara.swift */ = {isa = PBXFileReference; fileEncoding = 4; lastKnownFileType = sourcecode.swift; path = Kimara.swift; sourceTree = "<group>"; };
		8FEB2B141D351B3500916336 /* DevilWizard.swift */ = {isa = PBXFileReference; fileEncoding = 4; lastKnownFileType = sourcecode.swift; path = DevilWizard.swift; sourceTree = "<group>"; };
/* End PBXFileReference section */

/* Begin PBXFrameworksBuildPhase section */
		8F5398021D340AAD003F41A7 /* Frameworks */ = {
			isa = PBXFrameworksBuildPhase;
			buildActionMask = 2147483647;
			files = (
			);
			runOnlyForDeploymentPostprocessing = 0;
		};
/* End PBXFrameworksBuildPhase section */

/* Begin PBXGroup section */
		8F5397FC1D340AAD003F41A7 = {
			isa = PBXGroup;
			children = (
				8F5398071D340AAD003F41A7 /* rpgoop */,
				8F5398061D340AAD003F41A7 /* Products */,
			);
			sourceTree = "<group>";
		};
		8F5398061D340AAD003F41A7 /* Products */ = {
			isa = PBXGroup;
			children = (
				8F5398051D340AAD003F41A7 /* rpgoop.app */,
			);
			name = Products;
			sourceTree = "<group>";
		};
		8F5398071D340AAD003F41A7 /* rpgoop */ = {
			isa = PBXGroup;
			children = (
				8F5398081D340AAD003F41A7 /* AppDelegate.swift */,
				8F53980A1D340AAD003F41A7 /* ViewController.swift */,
				8F53980C1D340AAD003F41A7 /* Main.storyboard */,
				8F53980F1D340AAD003F41A7 /* Assets.xcassets */,
				8F5398111D340AAD003F41A7 /* LaunchScreen.storyboard */,
				8F5398141D340AAD003F41A7 /* Info.plist */,
				8F53981A1D3411D8003F41A7 /* Character.swift */,
				8F53981C1D3413A7003F41A7 /* Player.swift */,
				8F53981E1D3416F7003F41A7 /* Enemy.swift */,
				8FEB2B121D34F87C00916336 /* Kimara.swift */,
				8FEB2B141D351B3500916336 /* DevilWizard.swift */,
			);
			path = rpgoop;
			sourceTree = "<group>";
		};
/* End PBXGroup section */

/* Begin PBXNativeTarget section */
		8F5398041D340AAD003F41A7 /* rpgoop */ = {
			isa = PBXNativeTarget;
			buildConfigurationList = 8F5398171D340AAD003F41A7 /* Build configuration list for PBXNativeTarget "rpgoop" */;
			buildPhases = (
				8F5398011D340AAD003F41A7 /* Sources */,
				8F5398021D340AAD003F41A7 /* Frameworks */,
				8F5398031D340AAD003F41A7 /* Resources */,
			);
			buildRules = (
			);
			dependencies = (
			);
			name = rpgoop;
			productName = rpgoop;
			productReference = 8F5398051D340AAD003F41A7 /* rpgoop.app */;
			productType = "com.apple.product-type.application";
		};
/* End PBXNativeTarget section */

/* Begin PBXProject section */
		8F5397FD1D340AAD003F41A7 /* Project object */ = {
			isa = PBXProject;
			attributes = {
				LastSwiftUpdateCheck = 0730;
				LastUpgradeCheck = 0730;
				ORGANIZATIONNAME = "Dino Musliu";
				TargetAttributes = {
					8F5398041D340AAD003F41A7 = {
						CreatedOnToolsVersion = 7.3.1;
					};
				};
			};
			buildConfigurationList = 8F5398001D340AAD003F41A7 /* Build configuration list for PBXProject "rpgoop" */;
			compatibilityVersion = "Xcode 3.2";
			developmentRegion = English;
			hasScannedForEncodings = 0;
			knownRegions = (
				en,
				Base,
			);
			mainGroup = 8F5397FC1D340AAD003F41A7;
			productRefGroup = 8F5398061D340AAD003F41A7 /* Products */;
			projectDirPath = "";
			projectRoot = "";
			targets = (
				8F5398041D340AAD003F41A7 /* rpgoop */,
			);
		};
/* End PBXProject section */

/* Begin PBXResourcesBuildPhase section */
		8F5398031D340AAD003F41A7 /* Resources */ = {
			isa = PBXResourcesBuildPhase;
			buildActionMask = 2147483647;
			files = (
				8F5398131D340AAD003F41A7 /* LaunchScreen.storyboard in Resources */,
				8F5398101D340AAD003F41A7 /* Assets.xcassets in Resources */,
				8F53980E1D340AAD003F41A7 /* Main.storyboard in Resources */,
			);
			runOnlyForDeploymentPostprocessing = 0;
		};
/* End PBXResourcesBuildPhase section */

/* Begin PBXSourcesBuildPhase section */
		8F5398011D340AAD003F41A7 /* Sources */ = {
			isa = PBXSourcesBuildPhase;
			buildActionMask = 2147483647;
			files = (
				8F53981D1D3413A7003F41A7 /* Player.swift in Sources */,
				8F53981F1D3416F7003F41A7 /* Enemy.swift in Sources */,
				8FEB2B151D351B3500916336 /* DevilWizard.swift in Sources */,
				8FEB2B131D34F87C00916336 /* Kimara.swift in Sources */,
				8F53981B1D3411D8003F41A7 /* Character.swift in Sources */,
				8F53980B1D340AAD003F41A7 /* ViewController.swift in Sources */,
				8F5398091D340AAD003F41A7 /* AppDelegate.swift in Sources */,
			);
			runOnlyForDeploymentPostprocessing = 0;
		};
/* End PBXSourcesBuildPhase section */

/* Begin PBXVariantGroup section */
		8F53980C1D340AAD003F41A7 /* Main.storyboard */ = {
			isa = PBXVariantGroup;
			children = (
				8F53980D1D340AAD003F41A7 /* Base */,
			);
			name = Main.storyboard;
			sourceTree = "<group>";
		};
		8F5398111D340AAD003F41A7 /* LaunchScreen.storyboard */ = {
			isa = PBXVariantGroup;
			children = (
				8F5398121D340AAD003F41A7 /* Base */,
			);
			name = LaunchScreen.storyboard;
			sourceTree = "<group>";
		};
/* End PBXVariantGroup section */

/* Begin XCBuildConfiguration section */
		8F5398151D340AAD003F41A7 /* Debug */ = {
			isa = XCBuildConfiguration;
			buildSettings = {
				ALWAYS_SEARCH_USER_PATHS = NO;
				CLANG_ANALYZER_NONNULL = YES;
				CLANG_CXX_LANGUAGE_STANDARD = "gnu++0x";
				CLANG_CXX_LIBRARY = "libc++";
				CLANG_ENABLE_MODULES = YES;
				CLANG_ENABLE_OBJC_ARC = YES;
				CLANG_WARN_BOOL_CONVERSION = YES;
				CLANG_WARN_CONSTANT_CONVERSION = YES;
				CLANG_WARN_DIRECT_OBJC_ISA_USAGE = YES_ERROR;
				CLANG_WARN_EMPTY_BODY = YES;
				CLANG_WARN_ENUM_CONVERSION = YES;
				CLANG_WARN_INT_CONVERSION = YES;
				CLANG_WARN_OBJC_ROOT_CLASS = YES_ERROR;
				CLANG_WARN_UNREACHABLE_CODE = YES;
				CLANG_WARN__DUPLICATE_METHOD_MATCH = YES;
				"CODE_SIGN_IDENTITY[sdk=iphoneos*]" = "iPhone Developer";
				COPY_PHASE_STRIP = NO;
				DEBUG_INFORMATION_FORMAT = dwarf;
				ENABLE_STRICT_OBJC_MSGSEND = YES;
				ENABLE_TESTABILITY = YES;
				GCC_C_LANGUAGE_STANDARD = gnu99;
				GCC_DYNAMIC_NO_PIC = NO;
				GCC_NO_COMMON_BLOCKS = YES;
				GCC_OPTIMIZATION_LEVEL = 0;
				GCC_PREPROCESSOR_DEFINITIONS = (
					"DEBUG=1",
					"$(inherited)",
				);
				GCC_WARN_64_TO_32_BIT_CONVERSION = YES;
				GCC_WARN_ABOUT_RETURN_TYPE = YES_ERROR;
				GCC_WARN_UNDECLARED_SELECTOR = YES;
				GCC_WARN_UNINITIALIZED_AUTOS = YES_AGGRESSIVE;
				GCC_WARN_UNUSED_FUNCTION = YES;
				GCC_WARN_UNUSED_VARIABLE = YES;
				IPHONEOS_DEPLOYMENT_TARGET = 9.3;
				MTL_ENABLE_DEBUG_INFO = YES;
				ONLY_ACTIVE_ARCH = YES;
				SDKROOT = iphoneos;
				SWIFT_OPTIMIZATION_LEVEL = "-Onone";
			};
			name = Debug;
		};
		8F5398161D340AAD003F41A7 /* Release */ = {
			isa = XCBuildConfiguration;
			buildSettings = {
				ALWAYS_SEARCH_USER_PATHS = NO;
				CLANG_ANALYZER_NONNULL = YES;
				CLANG_CXX_LANGUAGE_STANDARD = "gnu++0x";
				CLANG_CXX_LIBRARY = "libc++";
				CLANG_ENABLE_MODULES = YES;
				CLANG_ENABLE_OBJC_ARC = YES;
				CLANG_WARN_BOOL_CONVERSION = YES;
				CLANG_WARN_CONSTANT_CONVERSION = YES;
				CLANG_WARN_DIRECT_OBJC_ISA_USAGE = YES_ERROR;
				CLANG_WARN_EMPTY_BODY = YES;
				CLANG_WARN_ENUM_CONVERSION = YES;
				CLANG_WARN_INT_CONVERSION = YES;
				CLANG_WARN_OBJC_ROOT_CLASS = YES_ERROR;
				CLANG_WARN_UNREACHABLE_CODE = YES;
				CLANG_WARN__DUPLICATE_METHOD_MATCH = YES;
				"CODE_SIGN_IDENTITY[sdk=iphoneos*]" = "iPhone Developer";
				COPY_PHASE_STRIP = NO;
				DEBUG_INFORMATION_FORMAT = "dwarf-with-dsym";
				ENABLE_NS_ASSERTIONS = NO;
				ENABLE_STRICT_OBJC_MSGSEND = YES;
				GCC_C_LANGUAGE_STANDARD = gnu99;
				GCC_NO_COMMON_BLOCKS = YES;
				GCC_WARN_64_TO_32_BIT_CONVERSION = YES;
				GCC_WARN_ABOUT_RETURN_TYPE = YES_ERROR;
				GCC_WARN_UNDECLARED_SELECTOR = YES;
				GCC_WARN_UNINITIALIZED_AUTOS = YES_AGGRESSIVE;
				GCC_WARN_UNUSED_FUNCTION = YES;
				GCC_WARN_UNUSED_VARIABLE = YES;
				IPHONEOS_DEPLOYMENT_TARGET = 9.3;
				MTL_ENABLE_DEBUG_INFO = NO;
				SDKROOT = iphoneos;
				VALIDATE_PRODUCT = YES;
			};
			name = Release;
		};
		8F5398181D340AAD003F41A7 /* Debug */ = {
			isa = XCBuildConfiguration;
			buildSettings = {
				ASSETCATALOG_COMPILER_APPICON_NAME = AppIcon;
				INFOPLIST_FILE = rpgoop/Info.plist;
				LD_RUNPATH_SEARCH_PATHS = "$(inherited) @executable_path/Frameworks";
				PRODUCT_BUNDLE_IDENTIFIER = com.mdino.rpgoop;
				PRODUCT_NAME = "$(TARGET_NAME)";
			};
			name = Debug;
		};
		8F5398191D340AAD003F41A7 /* Release */ = {
			isa = XCBuildConfiguration;
			buildSettings = {
				ASSETCATALOG_COMPILER_APPICON_NAME = AppIcon;
				INFOPLIST_FILE = rpgoop/Info.plist;
				LD_RUNPATH_SEARCH_PATHS = "$(inherited) @executable_path/Frameworks";
				PRODUCT_BUNDLE_IDENTIFIER = com.mdino.rpgoop;
				PRODUCT_NAME = "$(TARGET_NAME)";
			};
			name = Release;
		};
/* End XCBuildConfiguration section */

/* Begin XCConfigurationList section */
		8F5398001D340AAD003F41A7 /* Build configuration list for PBXProject "rpgoop" */ = {
			isa = XCConfigurationList;
			buildConfigurations = (
				8F5398151D340AAD003F41A7 /* Debug */,
				8F5398161D340AAD003F41A7 /* Release */,
			);
			defaultConfigurationIsVisible = 0;
			defaultConfigurationName = Release;
		};
		8F5398171D340AAD003F41A7 /* Build configuration list for PBXNativeTarget "rpgoop" */ = {
			isa = XCConfigurationList;
			buildConfigurations = (
				8F5398181D340AAD003F41A7 /* Debug */,
				8F5398191D340AAD003F41A7 /* Release */,
			);
			defaultConfigurationIsVisible = 0;
			defaultConfigurationName = Release;
		};
/* End XCConfigurationList section */
	};
	rootObject = 8F5397FD1D340AAD003F41A7 /* Project object */;
}
